// !$*UTF8*$!
{
	archiveVersion = 1;
	classes = {
	};
	objectVersion = 77;
	objects = {

/* Begin PBXBuildFile section */
		F81ADCB22D23A97B00650FFE /* FirebaseAnalytics in Frameworks */ = {isa = PBXBuildFile; productRef = F81ADCB12D23A97B00650FFE /* FirebaseAnalytics */; };
		F8C646522CDF6F1900D1FBE3 /* Sparkle in Frameworks */ = {isa = PBXBuildFile; productRef = F8C646512CDF6F1900D1FBE3 /* Sparkle */; };
/* End PBXBuildFile section */

/* Begin PBXContainerItemProxy section */
		F895F7012CB3D573001C4932 /* PBXContainerItemProxy */ = {
			isa = PBXContainerItemProxy;
			containerPortal = F895F6E72CB3D571001C4932 /* Project object */;
			proxyType = 1;
			remoteGlobalIDString = F895F6EE2CB3D571001C4932;
			remoteInfo = SpaceSaver;
		};
		F895F70B2CB3D573001C4932 /* PBXContainerItemProxy */ = {
			isa = PBXContainerItemProxy;
			containerPortal = F895F6E72CB3D571001C4932 /* Project object */;
			proxyType = 1;
			remoteGlobalIDString = F895F6EE2CB3D571001C4932;
			remoteInfo = SpaceSaver;
		};
/* End PBXContainerItemProxy section */

/* Begin PBXFileReference section */
		F895F6EF2CB3D571001C4932 /* Spacey.app */ = {isa = PBXFileReference; explicitFileType = wrapper.application; includeInIndex = 0; path = Spacey.app; sourceTree = BUILT_PRODUCTS_DIR; };
		F895F7002CB3D573001C4932 /* SpaceyTests.xctest */ = {isa = PBXFileReference; explicitFileType = wrapper.cfbundle; includeInIndex = 0; path = SpaceyTests.xctest; sourceTree = BUILT_PRODUCTS_DIR; };
		F895F70A2CB3D573001C4932 /* SpaceyUITests.xctest */ = {isa = PBXFileReference; explicitFileType = wrapper.cfbundle; includeInIndex = 0; path = SpaceyUITests.xctest; sourceTree = BUILT_PRODUCTS_DIR; };
/* End PBXFileReference section */

/* Begin PBXFileSystemSynchronizedRootGroup section */
		F895F6F12CB3D571001C4932 /* SpaceSaver */ = {
			isa = PBXFileSystemSynchronizedRootGroup;
			path = SpaceSaver;
			sourceTree = "<group>";
		};
		F895F7032CB3D573001C4932 /* SpaceSaverTests */ = {
			isa = PBXFileSystemSynchronizedRootGroup;
			path = SpaceSaverTests;
			sourceTree = "<group>";
		};
		F895F70D2CB3D573001C4932 /* SpaceSaverUITests */ = {
			isa = PBXFileSystemSynchronizedRootGroup;
			path = SpaceSaverUITests;
			sourceTree = "<group>";
		};
/* End PBXFileSystemSynchronizedRootGroup section */

/* Begin PBXFrameworksBuildPhase section */
		F895F6EC2CB3D571001C4932 /* Frameworks */ = {
			isa = PBXFrameworksBuildPhase;
			buildActionMask = 2147483647;
			files = (
				F81ADCB22D23A97B00650FFE /* FirebaseAnalytics in Frameworks */,
				F8C646522CDF6F1900D1FBE3 /* Sparkle in Frameworks */,
			);
			runOnlyForDeploymentPostprocessing = 0;
		};
		F895F6FD2CB3D573001C4932 /* Frameworks */ = {
			isa = PBXFrameworksBuildPhase;
			buildActionMask = 2147483647;
			files = (
			);
			runOnlyForDeploymentPostprocessing = 0;
		};
		F895F7072CB3D573001C4932 /* Frameworks */ = {
			isa = PBXFrameworksBuildPhase;
			buildActionMask = 2147483647;
			files = (
			);
			runOnlyForDeploymentPostprocessing = 0;
		};
/* End PBXFrameworksBuildPhase section */

/* Begin PBXGroup section */
		F895F6E62CB3D571001C4932 = {
			isa = PBXGroup;
			children = (
				F895F6F12CB3D571001C4932 /* SpaceSaver */,
				F895F7032CB3D573001C4932 /* SpaceSaverTests */,
				F895F70D2CB3D573001C4932 /* SpaceSaverUITests */,
				F895F6F02CB3D571001C4932 /* Products */,
			);
			sourceTree = "<group>";
		};
		F895F6F02CB3D571001C4932 /* Products */ = {
			isa = PBXGroup;
			children = (
				F895F6EF2CB3D571001C4932 /* Spacey.app */,
				F895F7002CB3D573001C4932 /* SpaceyTests.xctest */,
				F895F70A2CB3D573001C4932 /* SpaceyUITests.xctest */,
			);
			name = Products;
			sourceTree = "<group>";
		};
/* End PBXGroup section */

/* Begin PBXNativeTarget section */
		F895F6EE2CB3D571001C4932 /* Spacey */ = {
			isa = PBXNativeTarget;
			buildConfigurationList = F895F7142CB3D573001C4932 /* Build configuration list for PBXNativeTarget "Spacey" */;
			buildPhases = (
				F895F6EB2CB3D571001C4932 /* Sources */,
				F895F6EC2CB3D571001C4932 /* Frameworks */,
				F895F6ED2CB3D571001C4932 /* Resources */,
			);
			buildRules = (
			);
			dependencies = (
			);
			fileSystemSynchronizedGroups = (
				F895F6F12CB3D571001C4932 /* SpaceSaver */,
			);
			name = Spacey;
			packageProductDependencies = (
				F8C646512CDF6F1900D1FBE3 /* Sparkle */,
				F81ADCB12D23A97B00650FFE /* FirebaseAnalytics */,
			);
			productName = SpaceSaver;
			productReference = F895F6EF2CB3D571001C4932 /* Spacey.app */;
			productType = "com.apple.product-type.application";
		};
		F895F6FF2CB3D573001C4932 /* SpaceyTests */ = {
			isa = PBXNativeTarget;
			buildConfigurationList = F895F7172CB3D573001C4932 /* Build configuration list for PBXNativeTarget "SpaceyTests" */;
			buildPhases = (
				F895F6FC2CB3D573001C4932 /* Sources */,
				F895F6FD2CB3D573001C4932 /* Frameworks */,
				F895F6FE2CB3D573001C4932 /* Resources */,
			);
			buildRules = (
			);
			dependencies = (
				F895F7022CB3D573001C4932 /* PBXTargetDependency */,
			);
			fileSystemSynchronizedGroups = (
				F895F7032CB3D573001C4932 /* SpaceSaverTests */,
			);
			name = SpaceyTests;
			packageProductDependencies = (
			);
			productName = SpaceSaverTests;
			productReference = F895F7002CB3D573001C4932 /* SpaceyTests.xctest */;
			productType = "com.apple.product-type.bundle.unit-test";
		};
		F895F7092CB3D573001C4932 /* SpaceyUITests */ = {
			isa = PBXNativeTarget;
			buildConfigurationList = F895F71A2CB3D573001C4932 /* Build configuration list for PBXNativeTarget "SpaceyUITests" */;
			buildPhases = (
				F895F7062CB3D573001C4932 /* Sources */,
				F895F7072CB3D573001C4932 /* Frameworks */,
				F895F7082CB3D573001C4932 /* Resources */,
			);
			buildRules = (
			);
			dependencies = (
				F895F70C2CB3D573001C4932 /* PBXTargetDependency */,
			);
			fileSystemSynchronizedGroups = (
				F895F70D2CB3D573001C4932 /* SpaceSaverUITests */,
			);
			name = SpaceyUITests;
			packageProductDependencies = (
			);
			productName = SpaceSaverUITests;
			productReference = F895F70A2CB3D573001C4932 /* SpaceyUITests.xctest */;
			productType = "com.apple.product-type.bundle.ui-testing";
		};
/* End PBXNativeTarget section */

/* Begin PBXProject section */
		F895F6E72CB3D571001C4932 /* Project object */ = {
			isa = PBXProject;
			attributes = {
				BuildIndependentTargetsInParallel = 1;
				LastSwiftUpdateCheck = 1600;
				LastUpgradeCheck = 1600;
				TargetAttributes = {
					F895F6EE2CB3D571001C4932 = {
						CreatedOnToolsVersion = 16.0;
					};
					F895F6FF2CB3D573001C4932 = {
						CreatedOnToolsVersion = 16.0;
						TestTargetID = F895F6EE2CB3D571001C4932;
					};
					F895F7092CB3D573001C4932 = {
						CreatedOnToolsVersion = 16.0;
						TestTargetID = F895F6EE2CB3D571001C4932;
					};
				};
			};
			buildConfigurationList = F895F6EA2CB3D571001C4932 /* Build configuration list for PBXProject "Spacey" */;
			developmentRegion = en;
			hasScannedForEncodings = 0;
			knownRegions = (
				en,
				Base,
			);
			mainGroup = F895F6E62CB3D571001C4932;
			minimizedProjectReferenceProxies = 1;
			packageReferences = (
				F8C646502CDF6F1800D1FBE3 /* XCRemoteSwiftPackageReference "Sparkle" */,
				F81ADCB02D23A97B00650FFE /* XCRemoteSwiftPackageReference "firebase-ios-sdk" */,
			);
			preferredProjectObjectVersion = 77;
			productRefGroup = F895F6F02CB3D571001C4932 /* Products */;
			projectDirPath = "";
			projectRoot = "";
			targets = (
				F895F6EE2CB3D571001C4932 /* Spacey */,
				F895F6FF2CB3D573001C4932 /* SpaceyTests */,
				F895F7092CB3D573001C4932 /* SpaceyUITests */,
			);
		};
/* End PBXProject section */

/* Begin PBXResourcesBuildPhase section */
		F895F6ED2CB3D571001C4932 /* Resources */ = {
			isa = PBXResourcesBuildPhase;
			buildActionMask = 2147483647;
			files = (
			);
			runOnlyForDeploymentPostprocessing = 0;
		};
		F895F6FE2CB3D573001C4932 /* Resources */ = {
			isa = PBXResourcesBuildPhase;
			buildActionMask = 2147483647;
			files = (
			);
			runOnlyForDeploymentPostprocessing = 0;
		};
		F895F7082CB3D573001C4932 /* Resources */ = {
			isa = PBXResourcesBuildPhase;
			buildActionMask = 2147483647;
			files = (
			);
			runOnlyForDeploymentPostprocessing = 0;
		};
/* End PBXResourcesBuildPhase section */

/* Begin PBXSourcesBuildPhase section */
		F895F6EB2CB3D571001C4932 /* Sources */ = {
			isa = PBXSourcesBuildPhase;
			buildActionMask = 2147483647;
			files = (
			);
			runOnlyForDeploymentPostprocessing = 0;
		};
		F895F6FC2CB3D573001C4932 /* Sources */ = {
			isa = PBXSourcesBuildPhase;
			buildActionMask = 2147483647;
			files = (
			);
			runOnlyForDeploymentPostprocessing = 0;
		};
		F895F7062CB3D573001C4932 /* Sources */ = {
			isa = PBXSourcesBuildPhase;
			buildActionMask = 2147483647;
			files = (
			);
			runOnlyForDeploymentPostprocessing = 0;
		};
/* End PBXSourcesBuildPhase section */

/* Begin PBXTargetDependency section */
		F895F7022CB3D573001C4932 /* PBXTargetDependency */ = {
			isa = PBXTargetDependency;
			target = F895F6EE2CB3D571001C4932 /* Spacey */;
			targetProxy = F895F7012CB3D573001C4932 /* PBXContainerItemProxy */;
		};
		F895F70C2CB3D573001C4932 /* PBXTargetDependency */ = {
			isa = PBXTargetDependency;
			target = F895F6EE2CB3D571001C4932 /* Spacey */;
			targetProxy = F895F70B2CB3D573001C4932 /* PBXContainerItemProxy */;
		};
/* End PBXTargetDependency section */

/* Begin XCBuildConfiguration section */
		F895F7122CB3D573001C4932 /* Debug */ = {
			isa = XCBuildConfiguration;
			buildSettings = {
				ALWAYS_SEARCH_USER_PATHS = NO;
				ASSETCATALOG_COMPILER_GENERATE_SWIFT_ASSET_SYMBOL_EXTENSIONS = YES;
				CLANG_ANALYZER_NONNULL = YES;
				CLANG_ANALYZER_NUMBER_OBJECT_CONVERSION = YES_AGGRESSIVE;
				CLANG_CXX_LANGUAGE_STANDARD = "gnu++20";
				CLANG_ENABLE_MODULES = YES;
				CLANG_ENABLE_OBJC_ARC = YES;
				CLANG_ENABLE_OBJC_WEAK = YES;
				CLANG_WARN_BLOCK_CAPTURE_AUTORELEASING = YES;
				CLANG_WARN_BOOL_CONVERSION = YES;
				CLANG_WARN_COMMA = YES;
				CLANG_WARN_CONSTANT_CONVERSION = YES;
				CLANG_WARN_DEPRECATED_OBJC_IMPLEMENTATIONS = YES;
				CLANG_WARN_DIRECT_OBJC_ISA_USAGE = YES_ERROR;
				CLANG_WARN_DOCUMENTATION_COMMENTS = YES;
				CLANG_WARN_EMPTY_BODY = YES;
				CLANG_WARN_ENUM_CONVERSION = YES;
				CLANG_WARN_INFINITE_RECURSION = YES;
				CLANG_WARN_INT_CONVERSION = YES;
				CLANG_WARN_NON_LITERAL_NULL_CONVERSION = YES;
				CLANG_WARN_OBJC_IMPLICIT_RETAIN_SELF = YES;
				CLANG_WARN_OBJC_LITERAL_CONVERSION = YES;
				CLANG_WARN_OBJC_ROOT_CLASS = YES_ERROR;
				CLANG_WARN_QUOTED_INCLUDE_IN_FRAMEWORK_HEADER = YES;
				CLANG_WARN_RANGE_LOOP_ANALYSIS = YES;
				CLANG_WARN_STRICT_PROTOTYPES = YES;
				CLANG_WARN_SUSPICIOUS_MOVE = YES;
				CLANG_WARN_UNGUARDED_AVAILABILITY = YES_AGGRESSIVE;
				CLANG_WARN_UNREACHABLE_CODE = YES;
				CLANG_WARN__DUPLICATE_METHOD_MATCH = YES;
				COPY_PHASE_STRIP = NO;
				DEBUG_INFORMATION_FORMAT = dwarf;
				ENABLE_STRICT_OBJC_MSGSEND = YES;
				ENABLE_TESTABILITY = YES;
				ENABLE_USER_SCRIPT_SANDBOXING = YES;
				GCC_C_LANGUAGE_STANDARD = gnu17;
				GCC_DYNAMIC_NO_PIC = NO;
				GCC_NO_COMMON_BLOCKS = YES;
				GCC_OPTIMIZATION_LEVEL = 0;
				GCC_PREPROCESSOR_DEFINITIONS = (
					"DEBUG=1",
					"$(inherited)",
				);
				GCC_WARN_64_TO_32_BIT_CONVERSION = YES;
				GCC_WARN_ABOUT_RETURN_TYPE = YES_ERROR;
				GCC_WARN_UNDECLARED_SELECTOR = YES;
				GCC_WARN_UNINITIALIZED_AUTOS = YES_AGGRESSIVE;
				GCC_WARN_UNUSED_FUNCTION = YES;
				GCC_WARN_UNUSED_VARIABLE = YES;
				LOCALIZATION_PREFERS_STRING_CATALOGS = YES;
				MACOSX_DEPLOYMENT_TARGET = 15.0;
				MTL_ENABLE_DEBUG_INFO = INCLUDE_SOURCE;
				MTL_FAST_MATH = YES;
				ONLY_ACTIVE_ARCH = YES;
				SDKROOT = macosx;
				SWIFT_ACTIVE_COMPILATION_CONDITIONS = "DEBUG $(inherited)";
				SWIFT_OPTIMIZATION_LEVEL = "-Onone";
			};
			name = Debug;
		};
		F895F7132CB3D573001C4932 /* Release */ = {
			isa = XCBuildConfiguration;
			buildSettings = {
				ALWAYS_SEARCH_USER_PATHS = NO;
				ASSETCATALOG_COMPILER_GENERATE_SWIFT_ASSET_SYMBOL_EXTENSIONS = YES;
				CLANG_ANALYZER_NONNULL = YES;
				CLANG_ANALYZER_NUMBER_OBJECT_CONVERSION = YES_AGGRESSIVE;
				CLANG_CXX_LANGUAGE_STANDARD = "gnu++20";
				CLANG_ENABLE_MODULES = YES;
				CLANG_ENABLE_OBJC_ARC = YES;
				CLANG_ENABLE_OBJC_WEAK = YES;
				CLANG_WARN_BLOCK_CAPTURE_AUTORELEASING = YES;
				CLANG_WARN_BOOL_CONVERSION = YES;
				CLANG_WARN_COMMA = YES;
				CLANG_WARN_CONSTANT_CONVERSION = YES;
				CLANG_WARN_DEPRECATED_OBJC_IMPLEMENTATIONS = YES;
				CLANG_WARN_DIRECT_OBJC_ISA_USAGE = YES_ERROR;
				CLANG_WARN_DOCUMENTATION_COMMENTS = YES;
				CLANG_WARN_EMPTY_BODY = YES;
				CLANG_WARN_ENUM_CONVERSION = YES;
				CLANG_WARN_INFINITE_RECURSION = YES;
				CLANG_WARN_INT_CONVERSION = YES;
				CLANG_WARN_NON_LITERAL_NULL_CONVERSION = YES;
				CLANG_WARN_OBJC_IMPLICIT_RETAIN_SELF = YES;
				CLANG_WARN_OBJC_LITERAL_CONVERSION = YES;
				CLANG_WARN_OBJC_ROOT_CLASS = YES_ERROR;
				CLANG_WARN_QUOTED_INCLUDE_IN_FRAMEWORK_HEADER = YES;
				CLANG_WARN_RANGE_LOOP_ANALYSIS = YES;
				CLANG_WARN_STRICT_PROTOTYPES = YES;
				CLANG_WARN_SUSPICIOUS_MOVE = YES;
				CLANG_WARN_UNGUARDED_AVAILABILITY = YES_AGGRESSIVE;
				CLANG_WARN_UNREACHABLE_CODE = YES;
				CLANG_WARN__DUPLICATE_METHOD_MATCH = YES;
				COPY_PHASE_STRIP = NO;
				DEBUG_INFORMATION_FORMAT = "dwarf-with-dsym";
				ENABLE_NS_ASSERTIONS = NO;
				ENABLE_STRICT_OBJC_MSGSEND = YES;
				ENABLE_USER_SCRIPT_SANDBOXING = YES;
				GCC_C_LANGUAGE_STANDARD = gnu17;
				GCC_NO_COMMON_BLOCKS = YES;
				GCC_WARN_64_TO_32_BIT_CONVERSION = YES;
				GCC_WARN_ABOUT_RETURN_TYPE = YES_ERROR;
				GCC_WARN_UNDECLARED_SELECTOR = YES;
				GCC_WARN_UNINITIALIZED_AUTOS = YES_AGGRESSIVE;
				GCC_WARN_UNUSED_FUNCTION = YES;
				GCC_WARN_UNUSED_VARIABLE = YES;
				LOCALIZATION_PREFERS_STRING_CATALOGS = YES;
				MACOSX_DEPLOYMENT_TARGET = 15.0;
				MTL_ENABLE_DEBUG_INFO = NO;
				MTL_FAST_MATH = YES;
				SDKROOT = macosx;
				SWIFT_COMPILATION_MODE = wholemodule;
			};
			name = Release;
		};
		F895F7152CB3D573001C4932 /* Debug */ = {
			isa = XCBuildConfiguration;
			buildSettings = {
				ASSETCATALOG_COMPILER_APPICON_NAME = AppIcon;
				ASSETCATALOG_COMPILER_GLOBAL_ACCENT_COLOR_NAME = AccentColor;
				ASSETCATALOG_COMPILER_INCLUDE_ALL_APPICON_ASSETS = NO;
				CODE_SIGN_ENTITLEMENTS = SpaceSaver/SpaceSaver.entitlements;
				"CODE_SIGN_IDENTITY[sdk=macosx*]" = "Apple Development";
				CODE_SIGN_STYLE = Automatic;
				COMBINE_HIDPI_IMAGES = YES;
				CURRENT_PROJECT_VERSION = 5;
				DEVELOPMENT_ASSET_PATHS = "\"SpaceSaver/Preview Content\"";
				DEVELOPMENT_TEAM = TH9FL7J7ZY;
				ENABLE_HARDENED_RUNTIME = YES;
				ENABLE_PREVIEWS = YES;
				GENERATE_INFOPLIST_FILE = YES;
				INFOPLIST_KEY_CFBundleDisplayName = Spacey;
				INFOPLIST_KEY_LSApplicationCategoryType = "public.app-category.utilities";
				INFOPLIST_KEY_NSAppleEventsUsageDescription = "SpaceSaver need access to your screen to get space info";
				INFOPLIST_KEY_NSHumanReadableCopyright = "";
				LD_RUNPATH_SEARCH_PATHS = (
					"$(inherited)",
					"@executable_path/../Frameworks",
				);
				MACOSX_DEPLOYMENT_TARGET = 13.5;
				MARKETING_VERSION = 1.0.5;
				PRODUCT_BUNDLE_IDENTIFIER = com.congth504.spacey;
				PRODUCT_NAME = "$(TARGET_NAME)";
				SWIFT_EMIT_LOC_STRINGS = YES;
				SWIFT_VERSION = 5.0;
			};
			name = Debug;
		};
		F895F7162CB3D573001C4932 /* Release */ = {
			isa = XCBuildConfiguration;
			buildSettings = {
				ASSETCATALOG_COMPILER_APPICON_NAME = AppIcon;
				ASSETCATALOG_COMPILER_GLOBAL_ACCENT_COLOR_NAME = AccentColor;
				ASSETCATALOG_COMPILER_INCLUDE_ALL_APPICON_ASSETS = NO;
				CODE_SIGN_ENTITLEMENTS = SpaceSaver/SpaceSaver.entitlements;
				"CODE_SIGN_IDENTITY[sdk=macosx*]" = "Apple Development";
				CODE_SIGN_STYLE = Automatic;
				COMBINE_HIDPI_IMAGES = YES;
				CURRENT_PROJECT_VERSION = 5;
				DEVELOPMENT_ASSET_PATHS = "\"SpaceSaver/Preview Content\"";
				DEVELOPMENT_TEAM = TH9FL7J7ZY;
				ENABLE_HARDENED_RUNTIME = YES;
				ENABLE_PREVIEWS = YES;
				GENERATE_INFOPLIST_FILE = YES;
				INFOPLIST_KEY_CFBundleDisplayName = Spacey;
				INFOPLIST_KEY_LSApplicationCategoryType = "public.app-category.utilities";
				INFOPLIST_KEY_NSAppleEventsUsageDescription = "SpaceSaver need access to your screen to get space info";
				INFOPLIST_KEY_NSHumanReadableCopyright = "";
				LD_RUNPATH_SEARCH_PATHS = (
					"$(inherited)",
					"@executable_path/../Frameworks",
				);
				MACOSX_DEPLOYMENT_TARGET = 13.5;
				MARKETING_VERSION = 1.0.5;
				PRODUCT_BUNDLE_IDENTIFIER = com.congth504.spacey;
				PRODUCT_NAME = "$(TARGET_NAME)";
				SWIFT_EMIT_LOC_STRINGS = YES;
				SWIFT_VERSION = 5.0;
			};
			name = Release;
		};
		F895F7182CB3D573001C4932 /* Debug */ = {
			isa = XCBuildConfiguration;
			buildSettings = {
				BUNDLE_LOADER = "$(TEST_HOST)";
				CODE_SIGN_STYLE = Automatic;
				CURRENT_PROJECT_VERSION = 1;
				DEVELOPMENT_TEAM = TH9FL7J7ZY;
				GENERATE_INFOPLIST_FILE = YES;
				MACOSX_DEPLOYMENT_TARGET = 15.0;
				MARKETING_VERSION = 1.0;
				PRODUCT_BUNDLE_IDENTIFIER = congth504.SpaceSaverTests;
				PRODUCT_NAME = "$(TARGET_NAME)";
				SWIFT_EMIT_LOC_STRINGS = NO;
				SWIFT_VERSION = 5.0;
				TEST_HOST = "$(BUILT_PRODUCTS_DIR)/Spacey.app/$(BUNDLE_EXECUTABLE_FOLDER_PATH)/Spacey";
			};
			name = Debug;
		};
		F895F7192CB3D573001C4932 /* Release */ = {
			isa = XCBuildConfiguration;
			buildSettings = {
				BUNDLE_LOADER = "$(TEST_HOST)";
				CODE_SIGN_STYLE = Automatic;
				CURRENT_PROJECT_VERSION = 1;
				DEVELOPMENT_TEAM = TH9FL7J7ZY;
				GENERATE_INFOPLIST_FILE = YES;
				MACOSX_DEPLOYMENT_TARGET = 15.0;
				MARKETING_VERSION = 1.0;
				PRODUCT_BUNDLE_IDENTIFIER = congth504.SpaceSaverTests;
				PRODUCT_NAME = "$(TARGET_NAME)";
				SWIFT_EMIT_LOC_STRINGS = NO;
				SWIFT_VERSION = 5.0;
				TEST_HOST = "$(BUILT_PRODUCTS_DIR)/Spacey.app/$(BUNDLE_EXECUTABLE_FOLDER_PATH)/Spacey";
			};
			name = Release;
		};
		F895F71B2CB3D573001C4932 /* Debug */ = {
			isa = XCBuildConfiguration;
			buildSettings = {
				CODE_SIGN_STYLE = Automatic;
				CURRENT_PROJECT_VERSION = 1;
				DEVELOPMENT_TEAM = TH9FL7J7ZY;
				GENERATE_INFOPLIST_FILE = YES;
				MARKETING_VERSION = 1.0;
				PRODUCT_BUNDLE_IDENTIFIER = congth504.SpaceSaverUITests;
				PRODUCT_NAME = "$(TARGET_NAME)";
				SWIFT_EMIT_LOC_STRINGS = NO;
				SWIFT_VERSION = 5.0;
				TEST_TARGET_NAME = SpaceSaver;
			};
			name = Debug;
		};
		F895F71C2CB3D573001C4932 /* Release */ = {
			isa = XCBuildConfiguration;
			buildSettings = {
				CODE_SIGN_STYLE = Automatic;
				CURRENT_PROJECT_VERSION = 1;
				DEVELOPMENT_TEAM = TH9FL7J7ZY;
				GENERATE_INFOPLIST_FILE = YES;
				MARKETING_VERSION = 1.0;
				PRODUCT_BUNDLE_IDENTIFIER = congth504.SpaceSaverUITests;
				PRODUCT_NAME = "$(TARGET_NAME)";
				SWIFT_EMIT_LOC_STRINGS = NO;
				SWIFT_VERSION = 5.0;
				TEST_TARGET_NAME = SpaceSaver;
			};
			name = Release;
		};
/* End XCBuildConfiguration section */

/* Begin XCConfigurationList section */
		F895F6EA2CB3D571001C4932 /* Build configuration list for PBXProject "Spacey" */ = {
			isa = XCConfigurationList;
			buildConfigurations = (
				F895F7122CB3D573001C4932 /* Debug */,
				F895F7132CB3D573001C4932 /* Release */,
			);
			defaultConfigurationIsVisible = 0;
			defaultConfigurationName = Release;
		};
		F895F7142CB3D573001C4932 /* Build configuration list for PBXNativeTarget "Spacey" */ = {
			isa = XCConfigurationList;
			buildConfigurations = (
				F895F7152CB3D573001C4932 /* Debug */,
				F895F7162CB3D573001C4932 /* Release */,
			);
			defaultConfigurationIsVisible = 0;
			defaultConfigurationName = Release;
		};
		F895F7172CB3D573001C4932 /* Build configuration list for PBXNativeTarget "SpaceyTests" */ = {
			isa = XCConfigurationList;
			buildConfigurations = (
				F895F7182CB3D573001C4932 /* Debug */,
				F895F7192CB3D573001C4932 /* Release */,
			);
			defaultConfigurationIsVisible = 0;
			defaultConfigurationName = Release;
		};
		F895F71A2CB3D573001C4932 /* Build configuration list for PBXNativeTarget "SpaceyUITests" */ = {
			isa = XCConfigurationList;
			buildConfigurations = (
				F895F71B2CB3D573001C4932 /* Debug */,
				F895F71C2CB3D573001C4932 /* Release */,
			);
			defaultConfigurationIsVisible = 0;
			defaultConfigurationName = Release;
		};
/* End XCConfigurationList section */

/* Begin XCRemoteSwiftPackageReference section */
		F81ADCB02D23A97B00650FFE /* XCRemoteSwiftPackageReference "firebase-ios-sdk" */ = {
			isa = XCRemoteSwiftPackageReference;
			repositoryURL = "https://github.com/firebase/firebase-ios-sdk";
			requirement = {
				kind = upToNextMajorVersion;
				minimumVersion = 11.6.0;
			};
		};
		F8C646502CDF6F1800D1FBE3 /* XCRemoteSwiftPackageReference "Sparkle" */ = {
			isa = XCRemoteSwiftPackageReference;
			repositoryURL = "https://github.com/sparkle-project/Sparkle";
			requirement = {
				kind = upToNextMajorVersion;
				minimumVersion = 2.6.4;
			};
		};
/* End XCRemoteSwiftPackageReference section */

/* Begin XCSwiftPackageProductDependency section */
		F81ADCB12D23A97B00650FFE /* FirebaseAnalytics */ = {
			isa = XCSwiftPackageProductDependency;
			package = F81ADCB02D23A97B00650FFE /* XCRemoteSwiftPackageReference "firebase-ios-sdk" */;
			productName = FirebaseAnalytics;
		};
		F8C646512CDF6F1900D1FBE3 /* Sparkle */ = {
			isa = XCSwiftPackageProductDependency;
			package = F8C646502CDF6F1800D1FBE3 /* XCRemoteSwiftPackageReference "Sparkle" */;
			productName = Sparkle;
		};
/* End XCSwiftPackageProductDependency section */
	};
	rootObject = F895F6E72CB3D571001C4932 /* Project object */;
}
